
Microsoft Visual Studio Solution File, Format Version 12.00
# Visual Studio Version 17
VisualStudioVersion = 17.6.33829.357
MinimumVisualStudioVersion = 10.0.40219.1
Project("{9A19103F-16F7-4668-BE54-9A1E7A4F7556}") = "ExtraFunctions x", "ExtraFunctions x\ExtraFunctions x.csproj", "{CBB4B687-4146-45EA-BD2E-B614390D4C58}"
EndProject
Project("{9A19103F-16F7-4668-BE54-9A1E7A4F7556}") = "ConsoleTest", "ConsoleTest\ConsoleTest.csproj", "{DF812F7D-324E-4855-8CC6-EE2F1A68BCBB}"
EndProject
Project("{9A19103F-16F7-4668-BE54-9A1E7A4F7556}") = "ExtraFunctions", "ExtraFunctions\ExtraFunctions.csproj", "{25A23DCE-2DFF-46CA-AAC5-F2A97D60F375}"
EndProject
Project("{9A19103F-16F7-4668-BE54-9A1E7A4F7556}") = "ExtraFunctions.ExGenerators", "ExtraFunctions.Generator\ExtraFunctions.ExGenerators.csproj", "{7A307D3A-F8FA-4CBE-AC7F-27E6AD7B96DA}"
EndProject
Project("{9A19103F-16F7-4668-BE54-9A1E7A4F7556}") = "ExtraFunctions.ExDatabase", "ExtraFunctions.ExDatabase\ExtraFunctions.ExDatabase.csproj", "{BCA00D8F-6A82-490A-BEE0-AF8985DC422D}"
EndProject
Project("{2150E333-8FDC-42A3-9474-1A3956D46DE8}") = "Git", "Git", "{3138ADFF-C974-47D7-8FED-C75ADA4FCC69}"
	ProjectSection(SolutionItems) = preProject
		.gitattributes = .gitattributes
		.gitignore = .gitignore
		ChangeLog.md = ChangeLog.md
		LICENSE.txt = LICENSE.txt
		Logo.png = Logo.png
		README.md = README.md
	EndProjectSection
EndProject
Project("{9A19103F-16F7-4668-BE54-9A1E7A4F7556}") = "ExtraFunctions.WinUI", "ExtraFunctions.WinUI\ExtraFunctions.WinUI.csproj", "{246641CB-2CAE-4A38-AE59-19B71A207A06}"
EndProject
Global
	GlobalSection(SolutionConfigurationPlatforms) = preSolution
		Debug|Any CPU = Debug|Any CPU
		Debug|ARM32 = Debug|ARM32
		Debug|ARM64 = Debug|ARM64
		Debug|x64 = Debug|x64
		Debug|x86 = Debug|x86
		Release|Any CPU = Release|Any CPU
		Release|ARM32 = Release|ARM32
		Release|ARM64 = Release|ARM64
		Release|x64 = Release|x64
		Release|x86 = Release|x86
	EndGlobalSection
	GlobalSection(ProjectConfigurationPlatforms) = postSolution
		{CBB4B687-4146-45EA-BD2E-B614390D4C58}.Debug|Any CPU.ActiveCfg = Debug|Any CPU
		{CBB4B687-4146-45EA-BD2E-B614390D4C58}.Debug|Any CPU.Build.0 = Debug|Any CPU
		{CBB4B687-4146-45EA-BD2E-B614390D4C58}.Debug|ARM32.ActiveCfg = Debug|Any CPU
		{CBB4B687-4146-45EA-BD2E-B614390D4C58}.Debug|ARM32.Build.0 = Debug|Any CPU
		{CBB4B687-4146-45EA-BD2E-B614390D4C58}.Debug|ARM64.ActiveCfg = Debug|Any CPU
		{CBB4B687-4146-45EA-BD2E-B614390D4C58}.Debug|ARM64.Build.0 = Debug|Any CPU
		{CBB4B687-4146-45EA-BD2E-B614390D4C58}.Debug|x64.ActiveCfg = Debug|Any CPU
		{CBB4B687-4146-45EA-BD2E-B614390D4C58}.Debug|x64.Build.0 = Debug|Any CPU
		{CBB4B687-4146-45EA-BD2E-B614390D4C58}.Debug|x86.ActiveCfg = Debug|Any CPU
		{CBB4B687-4146-45EA-BD2E-B614390D4C58}.Debug|x86.Build.0 = Debug|Any CPU
		{CBB4B687-4146-45EA-BD2E-B614390D4C58}.Release|Any CPU.ActiveCfg = Release|Any CPU
		{CBB4B687-4146-45EA-BD2E-B614390D4C58}.Release|Any CPU.Build.0 = Release|Any CPU
		{CBB4B687-4146-45EA-BD2E-B614390D4C58}.Release|ARM32.ActiveCfg = Release|Any CPU
		{CBB4B687-4146-45EA-BD2E-B614390D4C58}.Release|ARM32.Build.0 = Release|Any CPU
		{CBB4B687-4146-45EA-BD2E-B614390D4C58}.Release|ARM64.ActiveCfg = Release|Any CPU
		{CBB4B687-4146-45EA-BD2E-B614390D4C58}.Release|ARM64.Build.0 = Release|Any CPU
		{CBB4B687-4146-45EA-BD2E-B614390D4C58}.Release|x64.ActiveCfg = Release|Any CPU
		{CBB4B687-4146-45EA-BD2E-B614390D4C58}.Release|x64.Build.0 = Release|Any CPU
		{CBB4B687-4146-45EA-BD2E-B614390D4C58}.Release|x86.ActiveCfg = Release|Any CPU
		{CBB4B687-4146-45EA-BD2E-B614390D4C58}.Release|x86.Build.0 = Release|Any CPU
		{DF812F7D-324E-4855-8CC6-EE2F1A68BCBB}.Debug|Any CPU.ActiveCfg = Debug|Any CPU
		{DF812F7D-324E-4855-8CC6-EE2F1A68BCBB}.Debug|Any CPU.Build.0 = Debug|Any CPU
		{DF812F7D-324E-4855-8CC6-EE2F1A68BCBB}.Debug|ARM32.ActiveCfg = Debug|Any CPU
		{DF812F7D-324E-4855-8CC6-EE2F1A68BCBB}.Debug|ARM32.Build.0 = Debug|Any CPU
		{DF812F7D-324E-4855-8CC6-EE2F1A68BCBB}.Debug|ARM64.ActiveCfg = Debug|Any CPU
		{DF812F7D-324E-4855-8CC6-EE2F1A68BCBB}.Debug|ARM64.Build.0 = Debug|Any CPU
		{DF812F7D-324E-4855-8CC6-EE2F1A68BCBB}.Debug|x64.ActiveCfg = Debug|Any CPU
		{DF812F7D-324E-4855-8CC6-EE2F1A68BCBB}.Debug|x64.Build.0 = Debug|Any CPU
		{DF812F7D-324E-4855-8CC6-EE2F1A68BCBB}.Debug|x86.ActiveCfg = Debug|Any CPU
		{DF812F7D-324E-4855-8CC6-EE2F1A68BCBB}.Debug|x86.Build.0 = Debug|Any CPU
		{DF812F7D-324E-4855-8CC6-EE2F1A68BCBB}.Release|Any CPU.ActiveCfg = Release|Any CPU
		{DF812F7D-324E-4855-8CC6-EE2F1A68BCBB}.Release|Any CPU.Build.0 = Release|Any CPU
		{DF812F7D-324E-4855-8CC6-EE2F1A68BCBB}.Release|ARM32.ActiveCfg = Release|Any CPU
		{DF812F7D-324E-4855-8CC6-EE2F1A68BCBB}.Release|ARM32.Build.0 = Release|Any CPU
		{DF812F7D-324E-4855-8CC6-EE2F1A68BCBB}.Release|ARM64.ActiveCfg = Release|Any CPU
		{DF812F7D-324E-4855-8CC6-EE2F1A68BCBB}.Release|ARM64.Build.0 = Release|Any CPU
		{DF812F7D-324E-4855-8CC6-EE2F1A68BCBB}.Release|x64.ActiveCfg = Release|Any CPU
		{DF812F7D-324E-4855-8CC6-EE2F1A68BCBB}.Release|x64.Build.0 = Release|Any CPU
		{DF812F7D-324E-4855-8CC6-EE2F1A68BCBB}.Release|x86.ActiveCfg = Release|Any CPU
		{DF812F7D-324E-4855-8CC6-EE2F1A68BCBB}.Release|x86.Build.0 = Release|Any CPU
		{25A23DCE-2DFF-46CA-AAC5-F2A97D60F375}.Debug|Any CPU.ActiveCfg = Debug|Any CPU
		{25A23DCE-2DFF-46CA-AAC5-F2A97D60F375}.Debug|Any CPU.Build.0 = Debug|Any CPU
		{25A23DCE-2DFF-46CA-AAC5-F2A97D60F375}.Debug|ARM32.ActiveCfg = Debug|Any CPU
		{25A23DCE-2DFF-46CA-AAC5-F2A97D60F375}.Debug|ARM32.Build.0 = Debug|Any CPU
		{25A23DCE-2DFF-46CA-AAC5-F2A97D60F375}.Debug|ARM64.ActiveCfg = Debug|Any CPU
		{25A23DCE-2DFF-46CA-AAC5-F2A97D60F375}.Debug|ARM64.Build.0 = Debug|Any CPU
		{25A23DCE-2DFF-46CA-AAC5-F2A97D60F375}.Debug|x64.ActiveCfg = Debug|Any CPU
		{25A23DCE-2DFF-46CA-AAC5-F2A97D60F375}.Debug|x64.Build.0 = Debug|Any CPU
		{25A23DCE-2DFF-46CA-AAC5-F2A97D60F375}.Debug|x86.ActiveCfg = Debug|Any CPU
		{25A23DCE-2DFF-46CA-AAC5-F2A97D60F375}.Debug|x86.Build.0 = Debug|Any CPU
		{25A23DCE-2DFF-46CA-AAC5-F2A97D60F375}.Release|Any CPU.ActiveCfg = Release|Any CPU
		{25A23DCE-2DFF-46CA-AAC5-F2A97D60F375}.Release|Any CPU.Build.0 = Release|Any CPU
		{25A23DCE-2DFF-46CA-AAC5-F2A97D60F375}.Release|ARM32.ActiveCfg = Release|Any CPU
		{25A23DCE-2DFF-46CA-AAC5-F2A97D60F375}.Release|ARM32.Build.0 = Release|Any CPU
		{25A23DCE-2DFF-46CA-AAC5-F2A97D60F375}.Release|ARM64.ActiveCfg = Release|Any CPU
		{25A23DCE-2DFF-46CA-AAC5-F2A97D60F375}.Release|ARM64.Build.0 = Release|Any CPU
		{25A23DCE-2DFF-46CA-AAC5-F2A97D60F375}.Release|x64.ActiveCfg = Release|Any CPU
		{25A23DCE-2DFF-46CA-AAC5-F2A97D60F375}.Release|x64.Build.0 = Release|Any CPU
		{25A23DCE-2DFF-46CA-AAC5-F2A97D60F375}.Release|x86.ActiveCfg = Release|Any CPU
		{25A23DCE-2DFF-46CA-AAC5-F2A97D60F375}.Release|x86.Build.0 = Release|Any CPU
		{7A307D3A-F8FA-4CBE-AC7F-27E6AD7B96DA}.Debug|Any CPU.ActiveCfg = Debug|Any CPU
		{7A307D3A-F8FA-4CBE-AC7F-27E6AD7B96DA}.Debug|Any CPU.Build.0 = Debug|Any CPU
		{7A307D3A-F8FA-4CBE-AC7F-27E6AD7B96DA}.Debug|ARM32.ActiveCfg = Debug|Any CPU
		{7A307D3A-F8FA-4CBE-AC7F-27E6AD7B96DA}.Debug|ARM32.Build.0 = Debug|Any CPU
		{7A307D3A-F8FA-4CBE-AC7F-27E6AD7B96DA}.Debug|ARM64.ActiveCfg = Debug|Any CPU
		{7A307D3A-F8FA-4CBE-AC7F-27E6AD7B96DA}.Debug|ARM64.Build.0 = Debug|Any CPU
		{7A307D3A-F8FA-4CBE-AC7F-27E6AD7B96DA}.Debug|x64.ActiveCfg = Debug|Any CPU
		{7A307D3A-F8FA-4CBE-AC7F-27E6AD7B96DA}.Debug|x64.Build.0 = Debug|Any CPU
		{7A307D3A-F8FA-4CBE-AC7F-27E6AD7B96DA}.Debug|x86.ActiveCfg = Debug|Any CPU
		{7A307D3A-F8FA-4CBE-AC7F-27E6AD7B96DA}.Debug|x86.Build.0 = Debug|Any CPU
		{7A307D3A-F8FA-4CBE-AC7F-27E6AD7B96DA}.Release|Any CPU.ActiveCfg = Release|Any CPU
		{7A307D3A-F8FA-4CBE-AC7F-27E6AD7B96DA}.Release|Any CPU.Build.0 = Release|Any CPU
		{7A307D3A-F8FA-4CBE-AC7F-27E6AD7B96DA}.Release|ARM32.ActiveCfg = Release|Any CPU
		{7A307D3A-F8FA-4CBE-AC7F-27E6AD7B96DA}.Release|ARM32.Build.0 = Release|Any CPU
		{7A307D3A-F8FA-4CBE-AC7F-27E6AD7B96DA}.Release|ARM64.ActiveCfg = Release|Any CPU
		{7A307D3A-F8FA-4CBE-AC7F-27E6AD7B96DA}.Release|ARM64.Build.0 = Release|Any CPU
		{7A307D3A-F8FA-4CBE-AC7F-27E6AD7B96DA}.Release|x64.ActiveCfg = Release|Any CPU
		{7A307D3A-F8FA-4CBE-AC7F-27E6AD7B96DA}.Release|x64.Build.0 = Release|Any CPU
		{7A307D3A-F8FA-4CBE-AC7F-27E6AD7B96DA}.Release|x86.ActiveCfg = Release|Any CPU
		{7A307D3A-F8FA-4CBE-AC7F-27E6AD7B96DA}.Release|x86.Build.0 = Release|Any CPU
		{BCA00D8F-6A82-490A-BEE0-AF8985DC422D}.Debug|Any CPU.ActiveCfg = Debug|Any CPU
		{BCA00D8F-6A82-490A-BEE0-AF8985DC422D}.Debug|Any CPU.Build.0 = Debug|Any CPU
		{BCA00D8F-6A82-490A-BEE0-AF8985DC422D}.Debug|ARM32.ActiveCfg = Debug|Any CPU
		{BCA00D8F-6A82-490A-BEE0-AF8985DC422D}.Debug|ARM32.Build.0 = Debug|Any CPU
		{BCA00D8F-6A82-490A-BEE0-AF8985DC422D}.Debug|ARM64.ActiveCfg = Debug|Any CPU
		{BCA00D8F-6A82-490A-BEE0-AF8985DC422D}.Debug|ARM64.Build.0 = Debug|Any CPU
		{BCA00D8F-6A82-490A-BEE0-AF8985DC422D}.Debug|x64.ActiveCfg = Debug|Any CPU
		{BCA00D8F-6A82-490A-BEE0-AF8985DC422D}.Debug|x64.Build.0 = Debug|Any CPU
		{BCA00D8F-6A82-490A-BEE0-AF8985DC422D}.Debug|x86.ActiveCfg = Debug|Any CPU
		{BCA00D8F-6A82-490A-BEE0-AF8985DC422D}.Debug|x86.Build.0 = Debug|Any CPU
		{BCA00D8F-6A82-490A-BEE0-AF8985DC422D}.Release|Any CPU.ActiveCfg = Release|Any CPU
		{BCA00D8F-6A82-490A-BEE0-AF8985DC422D}.Release|Any CPU.Build.0 = Release|Any CPU
		{BCA00D8F-6A82-490A-BEE0-AF8985DC422D}.Release|ARM32.ActiveCfg = Release|Any CPU
		{BCA00D8F-6A82-490A-BEE0-AF8985DC422D}.Release|ARM32.Build.0 = Release|Any CPU
		{BCA00D8F-6A82-490A-BEE0-AF8985DC422D}.Release|ARM64.ActiveCfg = Release|Any CPU
		{BCA00D8F-6A82-490A-BEE0-AF8985DC422D}.Release|ARM64.Build.0 = Release|Any CPU
		{BCA00D8F-6A82-490A-BEE0-AF8985DC422D}.Release|x64.ActiveCfg = Release|Any CPU
		{BCA00D8F-6A82-490A-BEE0-AF8985DC422D}.Release|x64.Build.0 = Release|Any CPU
		{BCA00D8F-6A82-490A-BEE0-AF8985DC422D}.Release|x86.ActiveCfg = Release|Any CPU
		{BCA00D8F-6A82-490A-BEE0-AF8985DC422D}.Release|x86.Build.0 = Release|Any CPU
		{246641CB-2CAE-4A38-AE59-19B71A207A06}.Debug|Any CPU.ActiveCfg = Debug|Any CPU
		{246641CB-2CAE-4A38-AE59-19B71A207A06}.Debug|Any CPU.Build.0 = Debug|Any CPU
		{246641CB-2CAE-4A38-AE59-19B71A207A06}.Debug|ARM32.ActiveCfg = Debug|Any CPU
		{246641CB-2CAE-4A38-AE59-19B71A207A06}.Debug|ARM32.Build.0 = Debug|Any CPU
		{246641CB-2CAE-4A38-AE59-19B71A207A06}.Debug|ARM64.ActiveCfg = Debug|Any CPU
		{246641CB-2CAE-4A38-AE59-19B71A207A06}.Debug|ARM64.Build.0 = Debug|Any CPU
		{246641CB-2CAE-4A38-AE59-19B71A207A06}.Debug|x64.ActiveCfg = Debug|Any CPU
		{246641CB-2CAE-4A38-AE59-19B71A207A06}.Debug|x64.Build.0 = Debug|Any CPU
		{246641CB-2CAE-4A38-AE59-19B71A207A06}.Debug|x86.ActiveCfg = Debug|Any CPU
		{246641CB-2CAE-4A38-AE59-19B71A207A06}.Debug|x86.Build.0 = Debug|Any CPU
		{246641CB-2CAE-4A38-AE59-19B71A207A06}.Release|Any CPU.ActiveCfg = Release|Any CPU
		{246641CB-2CAE-4A38-AE59-19B71A207A06}.Release|Any CPU.Build.0 = Release|Any CPU
		{246641CB-2CAE-4A38-AE59-19B71A207A06}.Release|ARM32.ActiveCfg = Release|Any CPU
		{246641CB-2CAE-4A38-AE59-19B71A207A06}.Release|ARM32.Build.0 = Release|Any CPU
		{246641CB-2CAE-4A38-AE59-19B71A207A06}.Release|ARM64.ActiveCfg = Release|Any CPU
		{246641CB-2CAE-4A38-AE59-19B71A207A06}.Release|ARM64.Build.0 = Release|Any CPU
		{246641CB-2CAE-4A38-AE59-19B71A207A06}.Release|x64.ActiveCfg = Release|Any CPU
		{246641CB-2CAE-4A38-AE59-19B71A207A06}.Release|x64.Build.0 = Release|Any CPU
		{246641CB-2CAE-4A38-AE59-19B71A207A06}.Release|x86.ActiveCfg = Release|Any CPU
		{246641CB-2CAE-4A38-AE59-19B71A207A06}.Release|x86.Build.0 = Release|Any CPU
	EndGlobalSection
	GlobalSection(SolutionProperties) = preSolution
		HideSolutionNode = FALSE
	EndGlobalSection
	GlobalSection(ExtensibilityGlobals) = postSolution
		SolutionGuid = {42BF100D-2DA1-45FC-A53C-9ECF4934FEED}
	EndGlobalSection
EndGlobal
